
Microsoft Visual Studio Solution File, Format Version 12.00
Project("{FAE04EC0-301F-11D3-BF4B-00C04F79EFBC}") = "Auto25", "Auto25\Auto25.csproj", "{7CE4CDBB-452C-48F6-A6AD-7899A12D575E}"
EndProject
Global
	GlobalSection(SolutionConfigurationPlatforms) = preSolution
		Debug|Any CPU = Debug|Any CPU
		Release|Any CPU = Release|Any CPU
	EndGlobalSection
	GlobalSection(ProjectConfigurationPlatforms) = postSolution
		{7CE4CDBB-452C-48F6-A6AD-7899A12D575E}.Debug|Any CPU.ActiveCfg = Debug|Any CPU
		{7CE4CDBB-452C-48F6-A6AD-7899A12D575E}.Debug|Any CPU.Build.0 = Debug|Any CPU
		{7CE4CDBB-452C-48F6-A6AD-7899A12D575E}.Release|Any CPU.ActiveCfg = Release|Any CPU
		{7CE4CDBB-452C-48F6-A6AD-7899A12D575E}.Release|Any CPU.Build.0 = Release|Any CPU
	EndGlobalSection
EndGlobal
